PODS:
  - Alamofire (5.4.1)
  - DropDown (2.3.13)
  - Kingfisher (6.1.1)

DEPENDENCIES:
  - Alamofire (~> 5.2)
  - DropDown
  - Kingfisher (~> 6.0)

SPEC REPOS:
  trunk:
    - Alamofire
    - DropDown
    - Kingfisher

SPEC CHECKSUMS:
  Alamofire: 2291f7d21ca607c491dd17642e5d40fdcda0e65c
  DropDown: 8a2116376c1981888557f72ec2ffc9a5e0e456ec
  Kingfisher: 676d63307fbef6ed5d5ed400bff36983480d7500

PODFILE CHECKSUM: 1f2fe99a60bb1563ef0170308be36f9da2bb1114

COCOAPODS: 1.10.1
